
Microsoft Visual Studio Solution File, Format Version 12.00
# Visual Studio Version 17
VisualStudioVersion = 17.1.32421.90
MinimumVisualStudioVersion = 10.0.40219.1
Project("{FAE04EC0-301F-11D3-BF4B-00C04F79EFBC}") = "OPCUAReadData", "OPCUAReadData.csproj", "{A345ADE0-081A-45E8-8942-38FC83140245}"
EndProject
Global
	GlobalSection(SolutionConfigurationPlatforms) = preSolution
		Debug|Any CPU = Debug|Any CPU
		Release|Any CPU = Release|Any CPU
	EndGlobalSection
	GlobalSection(ProjectConfigurationPlatforms) = postSolution
		{A345ADE0-081A-45E8-8942-38FC83140245}.Debug|Any CPU.ActiveCfg = Debug|Any CPU
		{A345ADE0-081A-45E8-8942-38FC83140245}.Debug|Any CPU.Build.0 = Debug|Any CPU
		{A345ADE0-081A-45E8-8942-38FC83140245}.Release|Any CPU.ActiveCfg = Release|Any CPU
		{A345ADE0-081A-45E8-8942-38FC83140245}.Release|Any CPU.Build.0 = Release|Any CPU
	EndGlobalSection
	GlobalSection(SolutionProperties) = preSolution
		HideSolutionNode = FALSE
	EndGlobalSection
	GlobalSection(ExtensibilityGlobals) = postSolution
		SolutionGuid = {12A0CA7C-822C-4E1E-A63C-FCDA0EFBF134}
	EndGlobalSection
EndGlobal
